
Microsoft Visual Studio Solution File, Format Version 12.00
# Visual Studio Version 16
VisualStudioVersion = 16.0.29306.81
MinimumVisualStudioVersion = 10.0.40219.1
Project("{9A19103F-16F7-4668-BE54-9A1E7A4F7556}") = "Lucilvio.Solo.Webills.Tests", "Lucilvio.Solo.Webills.Tests\Lucilvio.Solo.Webills.Tests.csproj", "{74DD8268-4EF2-430E-AFFB-8235B42F02E1}"
EndProject
Project("{9A19103F-16F7-4668-BE54-9A1E7A4F7556}") = "Lucilvio.Solo.Webills.Clients.Web", "Lucilvio.Solo.Webills.Web\Lucilvio.Solo.Webills.Clients.Web.csproj", "{6A0051AA-4850-40B4-84D0-8EEA67E98C70}"
EndProject
Project("{2150E333-8FDC-42A3-9474-1A3956D46DE8}") = "Tests", "Tests", "{D11ED011-EE4F-4882-A21E-D8DC8E1B46E3}"
EndProject
Project("{2150E333-8FDC-42A3-9474-1A3956D46DE8}") = "Clients", "Clients", "{BC1980B6-3B22-42D7-937E-37FE2DF65BE6}"
EndProject
Project("{2150E333-8FDC-42A3-9474-1A3956D46DE8}") = "Infraestructure", "Infraestructure", "{D5B4294C-C887-49B0-BD3B-542B4BE8E9DD}"
EndProject
Project("{2150E333-8FDC-42A3-9474-1A3956D46DE8}") = "DataStorage", "DataStorage", "{A518ADEC-712D-4C0D-89F1-D7D528C51DA9}"
EndProject
Project("{9A19103F-16F7-4668-BE54-9A1E7A4F7556}") = "Lucilvio.Solo.Webills.Infraestructure.DapperDataStorage", "Lucilvio.Solo.Webills.Infraestructure.DapperDataStorage\Lucilvio.Solo.Webills.Infraestructure.DapperDataStorage.csproj", "{44982CE8-3504-4EDE-A3A6-4A5717088AC4}"
EndProject
Project("{2150E333-8FDC-42A3-9474-1A3956D46DE8}") = "Web", "Web", "{95294BE7-92A0-4D1D-BE54-B7E3135542F7}"
EndProject
Project("{9A19103F-16F7-4668-BE54-9A1E7A4F7556}") = "Lucilvio.Solo.Webills.UserAccount", "Lucilvio.Solo.Webills.UserAccount\Lucilvio.Solo.Webills.UserAccount.csproj", "{8B23395B-025E-4C99-993C-481D872B345C}"
EndProject
Project("{2150E333-8FDC-42A3-9474-1A3956D46DE8}") = "UserAccount", "UserAccount", "{6F54AF99-997A-4727-907A-EDF26826C889}"
EndProject
Project("{2150E333-8FDC-42A3-9474-1A3956D46DE8}") = "Transactions", "Transactions", "{B4923F73-B61C-4AA8-958C-3957E7DB10FF}"
EndProject
Project("{FAE04EC0-301F-11D3-BF4B-00C04F79EFBC}") = "Lucilvio.Solo.Webills.Transactions", "Lucilvio.Solo.Webills.Transactions\Lucilvio.Solo.Webills.Transactions.csproj", "{782C0157-BF30-4DD3-93A4-5F3EEEBE2CD7}"
EndProject
Global
	GlobalSection(SolutionConfigurationPlatforms) = preSolution
		Debug|Any CPU = Debug|Any CPU
		Release|Any CPU = Release|Any CPU
	EndGlobalSection
	GlobalSection(ProjectConfigurationPlatforms) = postSolution
		{74DD8268-4EF2-430E-AFFB-8235B42F02E1}.Debug|Any CPU.ActiveCfg = Debug|Any CPU
		{74DD8268-4EF2-430E-AFFB-8235B42F02E1}.Debug|Any CPU.Build.0 = Debug|Any CPU
		{74DD8268-4EF2-430E-AFFB-8235B42F02E1}.Release|Any CPU.ActiveCfg = Release|Any CPU
		{74DD8268-4EF2-430E-AFFB-8235B42F02E1}.Release|Any CPU.Build.0 = Release|Any CPU
		{6A0051AA-4850-40B4-84D0-8EEA67E98C70}.Debug|Any CPU.ActiveCfg = Debug|Any CPU
		{6A0051AA-4850-40B4-84D0-8EEA67E98C70}.Debug|Any CPU.Build.0 = Debug|Any CPU
		{6A0051AA-4850-40B4-84D0-8EEA67E98C70}.Release|Any CPU.ActiveCfg = Release|Any CPU
		{6A0051AA-4850-40B4-84D0-8EEA67E98C70}.Release|Any CPU.Build.0 = Release|Any CPU
		{44982CE8-3504-4EDE-A3A6-4A5717088AC4}.Debug|Any CPU.ActiveCfg = Debug|Any CPU
		{44982CE8-3504-4EDE-A3A6-4A5717088AC4}.Debug|Any CPU.Build.0 = Debug|Any CPU
		{44982CE8-3504-4EDE-A3A6-4A5717088AC4}.Release|Any CPU.ActiveCfg = Release|Any CPU
		{44982CE8-3504-4EDE-A3A6-4A5717088AC4}.Release|Any CPU.Build.0 = Release|Any CPU
		{8B23395B-025E-4C99-993C-481D872B345C}.Debug|Any CPU.ActiveCfg = Debug|Any CPU
		{8B23395B-025E-4C99-993C-481D872B345C}.Debug|Any CPU.Build.0 = Debug|Any CPU
		{8B23395B-025E-4C99-993C-481D872B345C}.Release|Any CPU.ActiveCfg = Release|Any CPU
		{8B23395B-025E-4C99-993C-481D872B345C}.Release|Any CPU.Build.0 = Release|Any CPU
		{782C0157-BF30-4DD3-93A4-5F3EEEBE2CD7}.Debug|Any CPU.ActiveCfg = Debug|Any CPU
		{782C0157-BF30-4DD3-93A4-5F3EEEBE2CD7}.Debug|Any CPU.Build.0 = Debug|Any CPU
		{782C0157-BF30-4DD3-93A4-5F3EEEBE2CD7}.Release|Any CPU.ActiveCfg = Release|Any CPU
		{782C0157-BF30-4DD3-93A4-5F3EEEBE2CD7}.Release|Any CPU.Build.0 = Release|Any CPU
	EndGlobalSection
	GlobalSection(SolutionProperties) = preSolution
		HideSolutionNode = FALSE
	EndGlobalSection
	GlobalSection(NestedProjects) = preSolution
		{74DD8268-4EF2-430E-AFFB-8235B42F02E1} = {D11ED011-EE4F-4882-A21E-D8DC8E1B46E3}
		{6A0051AA-4850-40B4-84D0-8EEA67E98C70} = {95294BE7-92A0-4D1D-BE54-B7E3135542F7}
		{A518ADEC-712D-4C0D-89F1-D7D528C51DA9} = {D5B4294C-C887-49B0-BD3B-542B4BE8E9DD}
		{44982CE8-3504-4EDE-A3A6-4A5717088AC4} = {A518ADEC-712D-4C0D-89F1-D7D528C51DA9}
		{95294BE7-92A0-4D1D-BE54-B7E3135542F7} = {BC1980B6-3B22-42D7-937E-37FE2DF65BE6}
		{8B23395B-025E-4C99-993C-481D872B345C} = {6F54AF99-997A-4727-907A-EDF26826C889}
		{782C0157-BF30-4DD3-93A4-5F3EEEBE2CD7} = {B4923F73-B61C-4AA8-958C-3957E7DB10FF}
	EndGlobalSection
	GlobalSection(ExtensibilityGlobals) = postSolution
		SolutionGuid = {8C5F6051-9818-4C80-9A54-21B81DAD79B4}
	EndGlobalSection
EndGlobal
