
Microsoft Visual Studio Solution File, Format Version 12.00
# Visual Studio Version 16
VisualStudioVersion = 16.0.29306.81
MinimumVisualStudioVersion = 10.0.40219.1
Project("{9A19103F-16F7-4668-BE54-9A1E7A4F7556}") = "Lucilvio.Solo.Webills.Tests", "Lucilvio.Solo.Webills.Tests\Lucilvio.Solo.Webills.Tests.csproj", "{74DD8268-4EF2-430E-AFFB-8235B42F02E1}"
EndProject
Project("{9A19103F-16F7-4668-BE54-9A1E7A4F7556}") = "Lucilvio.Solo.Webills.Web", "Lucilvio.Solo.Webills.Web\Lucilvio.Solo.Webills.Web.csproj", "{6A0051AA-4850-40B4-84D0-8EEA67E98C70}"
EndProject
Project("{9A19103F-16F7-4668-BE54-9A1E7A4F7556}") = "Lucilvio.Solo.Webills.Domain", "Lucilvio.Solo.Webills.Domain\Lucilvio.Solo.Webills.Domain.csproj", "{CC92038B-A120-48F8-BDB6-492AC36052D3}"
EndProject
Project("{9A19103F-16F7-4668-BE54-9A1E7A4F7556}") = "Lucilvio.Solo.Webills.UseCases", "Lucilvio.Solo.Webills.UseCases\Lucilvio.Solo.Webills.UseCases.csproj", "{28658996-B811-4069-A4AD-FDBB3185B840}"
EndProject
Project("{9A19103F-16F7-4668-BE54-9A1E7A4F7556}") = "Lucilvio.Solo.Webills.UseCases.Contracts", "Lucilvio.Solo.Webills.UseCases.Contracts\Lucilvio.Solo.Webills.UseCases.Contracts.csproj", "{9B2BAC5C-E151-47FD-B40A-3B2CBFBC0BCF}"
EndProject
Project("{9A19103F-16F7-4668-BE54-9A1E7A4F7556}") = "Lucilvio.Solo.Webills.Queries", "Lucilvio.Solo.Webills.Queries\Lucilvio.Solo.Webills.Queries.csproj", "{D08A4630-34B1-4F84-806B-D37BB4B13549}"
EndProject
Project("{FAE04EC0-301F-11D3-BF4B-00C04F79EFBC}") = "Lucilvio.Solo.Webills.Domain.Security", "Lucilvio.Solo.Webills.Domain.Security\Lucilvio.Solo.Webills.Domain.Security.csproj", "{46E09E48-49DC-41E6-B70E-148D4F02D69A}"
EndProject
Project("{FAE04EC0-301F-11D3-BF4B-00C04F79EFBC}") = "Lucilvio.Solo.Webills.Domain.Shared", "Lucilvio.Solo.Webills.Domain.Shared\Lucilvio.Solo.Webills.Domain.Shared.csproj", "{91AE0BC9-8AD5-4281-8A62-315670181F0D}"
EndProject
Project("{2150E333-8FDC-42A3-9474-1A3956D46DE8}") = "Domain", "Domain", "{1E79E325-CDBD-456E-8FDA-7490D6C0D1D6}"
EndProject
Project("{FAE04EC0-301F-11D3-BF4B-00C04F79EFBC}") = "Lucilvio.Solo.Webills.Domain.Profile", "Lucilvio.Solo.Webills.Domain.Profile\Lucilvio.Solo.Webills.Domain.Profile.csproj", "{7E507606-CDDD-47D2-BFC9-D75579BA158C}"
EndProject
Global
	GlobalSection(SolutionConfigurationPlatforms) = preSolution
		Debug|Any CPU = Debug|Any CPU
		Release|Any CPU = Release|Any CPU
	EndGlobalSection
	GlobalSection(ProjectConfigurationPlatforms) = postSolution
		{74DD8268-4EF2-430E-AFFB-8235B42F02E1}.Debug|Any CPU.ActiveCfg = Debug|Any CPU
		{74DD8268-4EF2-430E-AFFB-8235B42F02E1}.Debug|Any CPU.Build.0 = Debug|Any CPU
		{74DD8268-4EF2-430E-AFFB-8235B42F02E1}.Release|Any CPU.ActiveCfg = Release|Any CPU
		{74DD8268-4EF2-430E-AFFB-8235B42F02E1}.Release|Any CPU.Build.0 = Release|Any CPU
		{6A0051AA-4850-40B4-84D0-8EEA67E98C70}.Debug|Any CPU.ActiveCfg = Debug|Any CPU
		{6A0051AA-4850-40B4-84D0-8EEA67E98C70}.Debug|Any CPU.Build.0 = Debug|Any CPU
		{6A0051AA-4850-40B4-84D0-8EEA67E98C70}.Release|Any CPU.ActiveCfg = Release|Any CPU
		{6A0051AA-4850-40B4-84D0-8EEA67E98C70}.Release|Any CPU.Build.0 = Release|Any CPU
		{CC92038B-A120-48F8-BDB6-492AC36052D3}.Debug|Any CPU.ActiveCfg = Debug|Any CPU
		{CC92038B-A120-48F8-BDB6-492AC36052D3}.Debug|Any CPU.Build.0 = Debug|Any CPU
		{CC92038B-A120-48F8-BDB6-492AC36052D3}.Release|Any CPU.ActiveCfg = Release|Any CPU
		{CC92038B-A120-48F8-BDB6-492AC36052D3}.Release|Any CPU.Build.0 = Release|Any CPU
		{28658996-B811-4069-A4AD-FDBB3185B840}.Debug|Any CPU.ActiveCfg = Debug|Any CPU
		{28658996-B811-4069-A4AD-FDBB3185B840}.Debug|Any CPU.Build.0 = Debug|Any CPU
		{28658996-B811-4069-A4AD-FDBB3185B840}.Release|Any CPU.ActiveCfg = Release|Any CPU
		{28658996-B811-4069-A4AD-FDBB3185B840}.Release|Any CPU.Build.0 = Release|Any CPU
		{9B2BAC5C-E151-47FD-B40A-3B2CBFBC0BCF}.Debug|Any CPU.ActiveCfg = Debug|Any CPU
		{9B2BAC5C-E151-47FD-B40A-3B2CBFBC0BCF}.Debug|Any CPU.Build.0 = Debug|Any CPU
		{9B2BAC5C-E151-47FD-B40A-3B2CBFBC0BCF}.Release|Any CPU.ActiveCfg = Release|Any CPU
		{9B2BAC5C-E151-47FD-B40A-3B2CBFBC0BCF}.Release|Any CPU.Build.0 = Release|Any CPU
		{D08A4630-34B1-4F84-806B-D37BB4B13549}.Debug|Any CPU.ActiveCfg = Debug|Any CPU
		{D08A4630-34B1-4F84-806B-D37BB4B13549}.Debug|Any CPU.Build.0 = Debug|Any CPU
		{D08A4630-34B1-4F84-806B-D37BB4B13549}.Release|Any CPU.ActiveCfg = Release|Any CPU
		{D08A4630-34B1-4F84-806B-D37BB4B13549}.Release|Any CPU.Build.0 = Release|Any CPU
		{46E09E48-49DC-41E6-B70E-148D4F02D69A}.Debug|Any CPU.ActiveCfg = Debug|Any CPU
		{46E09E48-49DC-41E6-B70E-148D4F02D69A}.Debug|Any CPU.Build.0 = Debug|Any CPU
		{46E09E48-49DC-41E6-B70E-148D4F02D69A}.Release|Any CPU.ActiveCfg = Release|Any CPU
		{46E09E48-49DC-41E6-B70E-148D4F02D69A}.Release|Any CPU.Build.0 = Release|Any CPU
		{91AE0BC9-8AD5-4281-8A62-315670181F0D}.Debug|Any CPU.ActiveCfg = Debug|Any CPU
		{91AE0BC9-8AD5-4281-8A62-315670181F0D}.Debug|Any CPU.Build.0 = Debug|Any CPU
		{91AE0BC9-8AD5-4281-8A62-315670181F0D}.Release|Any CPU.ActiveCfg = Release|Any CPU
		{91AE0BC9-8AD5-4281-8A62-315670181F0D}.Release|Any CPU.Build.0 = Release|Any CPU
		{7E507606-CDDD-47D2-BFC9-D75579BA158C}.Debug|Any CPU.ActiveCfg = Debug|Any CPU
		{7E507606-CDDD-47D2-BFC9-D75579BA158C}.Debug|Any CPU.Build.0 = Debug|Any CPU
		{7E507606-CDDD-47D2-BFC9-D75579BA158C}.Release|Any CPU.ActiveCfg = Release|Any CPU
		{7E507606-CDDD-47D2-BFC9-D75579BA158C}.Release|Any CPU.Build.0 = Release|Any CPU
	EndGlobalSection
	GlobalSection(SolutionProperties) = preSolution
		HideSolutionNode = FALSE
	EndGlobalSection
	GlobalSection(NestedProjects) = preSolution
		{CC92038B-A120-48F8-BDB6-492AC36052D3} = {1E79E325-CDBD-456E-8FDA-7490D6C0D1D6}
		{46E09E48-49DC-41E6-B70E-148D4F02D69A} = {1E79E325-CDBD-456E-8FDA-7490D6C0D1D6}
		{91AE0BC9-8AD5-4281-8A62-315670181F0D} = {1E79E325-CDBD-456E-8FDA-7490D6C0D1D6}
		{7E507606-CDDD-47D2-BFC9-D75579BA158C} = {1E79E325-CDBD-456E-8FDA-7490D6C0D1D6}
	EndGlobalSection
	GlobalSection(ExtensibilityGlobals) = postSolution
		SolutionGuid = {8C5F6051-9818-4C80-9A54-21B81DAD79B4}
	EndGlobalSection
EndGlobal
